{
  "name": "Dosso",
  "lockfileVersion": 3,
  "requires": true,
  "packages": {
    "": {
      "dependencies": {
        "feather-icons": "^4.29.1",
        "react-feather": "^2.0.10"
      }
    },
    "node_modules/classnames": {
      "version": "2.5.1",
      "resolved": "https://registry.npmjs.org/classnames/-/classnames-2.5.1.tgz",
      "integrity": "sha512-saHYOzhIQs6wy2sVxTM6bUDsQO4F50V9RQ22qBpEdCW+I+/Wmke2HOl6lS6dTpdxVhb88/I6+Hs+438c3lfUow=="
    },
    "node_modules/core-js": {
      "version": "3.37.0",
      "resolved": "https://registry.npmjs.org/core-js/-/core-js-3.37.0.tgz",
      "integrity": "sha512-fu5vHevQ8ZG4og+LXug8ulUtVxjOcEYvifJr7L5Bfq9GOztVqsKd9/59hUk2ZSbCrS3BqUr3EpaYGIYzq7g3Ug==",
      "hasInstallScript": true,
      "funding": {
        "type": "opencollective",
        "url": "https://opencollective.com/core-js"
      }
    },
    "node_modules/feather-icons": {
      "version": "4.29.1",
      "resolved": "https://registry.npmjs.org/feather-icons/-/feather-icons-4.29.1.tgz",
      "integrity": "sha512-P1we61haGTds6lKWe6CCVPsNULb8tHr1y6S9gXEpU+lNR1Ja7GdV0A1l2hTNmzXv+0Stix/3YMWMAn7n1Qtd6A==",
      "dependencies": {
        "classnames": "^2.2.5",
        "core-js": "^3.1.3"
      }
    },
    "node_modules/js-tokens": {
      "version": "4.0.0",
      "resolved": "https://registry.npmjs.org/js-tokens/-/js-tokens-4.0.0.tgz",
      "integrity": "sha512-RdJUflcE3cUzKiMqQgsCu06FPu9UdIJO0beYbPhHN4k6apgJtifcoCtT9bcxOpYBtpD2kCM6Sbzg4CausW/PKQ=="
    },
    "node_modules/loose-envify": {
      "version": "1.4.0",
      "resolved": "https://registry.npmjs.org/loose-envify/-/loose-envify-1.4.0.tgz",
      "integrity": "sha512-lyuxPGr/Wfhrlem2CL/UcnUc1zcqKAImBDzukY7Y5F/yQiNdko6+fRLevlw1HgMySw7f611UIY408EtxRSoK3Q==",
      "dependencies": {
        "js-tokens": "^3.0.0 || ^4.0.0"
      },
      "bin": {
        "loose-envify": "cli.js"
      }
    },
    "node_modules/object-assign": {
      "version": "4.1.1",
      "resolved": "https://registry.npmjs.org/object-assign/-/object-assign-4.1.1.tgz",
      "integrity": "sha512-rJgTQnkUnH1sFw8yT6VSU3zD3sWmu6sZhIseY8VX+GRu3P6F7Fu+JNDoXfklElbLJSnc3FUQHVe4cU5hj+BcUg==",
      "engines": {
        "node": ">=0.10.0"
      }
    },
    "node_modules/prop-types": {
      "version": "15.8.1",
      "resolved": "https://registry.npmjs.org/prop-types/-/prop-types-15.8.1.tgz",
      "integrity": "sha512-oj87CgZICdulUohogVAR7AjlC0327U4el4L6eAvOqCeudMDVU0NThNaV+b9Df4dXgSP1gXMTnPdhfe/2qDH5cg==",
      "dependencies": {
        "loose-envify": "^1.4.0",
        "object-assign": "^4.1.1",
        "react-is": "^16.13.1"
      }
    },
    "node_modules/react": {
      "version": "18.3.0",
      "resolved": "https://registry.npmjs.org/react/-/react-18.3.0.tgz",
      "integrity": "sha512-RPutkJftSAldDibyrjuku7q11d3oy6wKOyPe5K1HA/HwwrXcEqBdHsLypkC2FFYjP7bPUa6gbzSBhw4sY2JcDg==",
      "peer": true,
      "dependencies": {
        "loose-envify": "^1.1.0"
      },
      "engines": {
        "node": ">=0.10.0"
      }
    },
    "node_modules/react-feather": {
      "version": "2.0.10",
      "resolved": "https://registry.npmjs.org/react-feather/-/react-feather-2.0.10.tgz",
      "integrity": "sha512-BLhukwJ+Z92Nmdcs+EMw6dy1Z/VLiJTzEQACDUEnWMClhYnFykJCGWQx+NmwP/qQHGX/5CzQ+TGi8ofg2+HzVQ==",
      "dependencies": {
        "prop-types": "^15.7.2"
      },
      "peerDependencies": {
        "react": ">=16.8.6"
      }
    },
    "node_modules/react-is": {
      "version": "16.13.1",
      "resolved": "https://registry.npmjs.org/react-is/-/react-is-16.13.1.tgz",
      "integrity": "sha512-24e6ynE2H+OKt4kqsOvNd8kBpV65zoxbA4BVsEOB3ARVWQki/DHzaUoC5KuON/BiccDaCCTZBuOcfZs70kR8bQ=="
    }
  }
}
